// !$*UTF8*$!
{
	archiveVersion = 1;
	classes = {
	};
	objectVersion = 56;
	objects = {

/* Begin PBXBuildFile section */
		220B74792B1CB1F800A53648 /* AppDelegate.swift in Sources */ = {isa = PBXBuildFile; fileRef = 220B74782B1CB1F800A53648 /* AppDelegate.swift */; };
		220B747B2B1CB1F800A53648 /* SceneDelegate.swift in Sources */ = {isa = PBXBuildFile; fileRef = 220B747A2B1CB1F800A53648 /* SceneDelegate.swift */; };
		220B74802B1CB1F800A53648 /* Main.storyboard in Resources */ = {isa = PBXBuildFile; fileRef = 220B747E2B1CB1F800A53648 /* Main.storyboard */; };
		220B74822B1CB1F900A53648 /* Assets.xcassets in Resources */ = {isa = PBXBuildFile; fileRef = 220B74812B1CB1F900A53648 /* Assets.xcassets */; };
		220B74852B1CB1F900A53648 /* LaunchScreen.storyboard in Resources */ = {isa = PBXBuildFile; fileRef = 220B74832B1CB1F900A53648 /* LaunchScreen.storyboard */; };
		220B74932B1CB3DA00A53648 /* UPCarouselFlowLayout.swift in Sources */ = {isa = PBXBuildFile; fileRef = 220B74922B1CB3DA00A53648 /* UPCarouselFlowLayout.swift */; };
		220B74962B1CB47900A53648 /* PartyCollectionViewCell.swift in Sources */ = {isa = PBXBuildFile; fileRef = 220B74942B1CB47900A53648 /* PartyCollectionViewCell.swift */; };
		220B74972B1CB47900A53648 /* PartyCollectionViewCell.xib in Resources */ = {isa = PBXBuildFile; fileRef = 220B74952B1CB47900A53648 /* PartyCollectionViewCell.xib */; };
		220B74992B1CE6D300A53648 /* PartyViewController.swift in Sources */ = {isa = PBXBuildFile; fileRef = 220B74982B1CE6D300A53648 /* PartyViewController.swift */; };
		220B749B2B1CE79000A53648 /* ParyModel.swift in Sources */ = {isa = PBXBuildFile; fileRef = 220B749A2B1CE79000A53648 /* ParyModel.swift */; };
		220B749F2B1CF22D00A53648 /* PartyViewModel.swift in Sources */ = {isa = PBXBuildFile; fileRef = 220B749E2B1CF22D00A53648 /* PartyViewModel.swift */; };
		220B74A32B1CFA2600A53648 /* PartyCollectionViewCellViewModel.swift in Sources */ = {isa = PBXBuildFile; fileRef = 220B74A22B1CFA2600A53648 /* PartyCollectionViewCellViewModel.swift */; };
		220B74A92B1D0B0700A53648 /* three.jpg in Resources */ = {isa = PBXBuildFile; fileRef = 220B74A52B1D0B0700A53648 /* three.jpg */; };
		220B74AA2B1D0B0700A53648 /* two.jpg in Resources */ = {isa = PBXBuildFile; fileRef = 220B74A62B1D0B0700A53648 /* two.jpg */; };
		220B74AB2B1D0B0700A53648 /* four.jpg in Resources */ = {isa = PBXBuildFile; fileRef = 220B74A72B1D0B0700A53648 /* four.jpg */; };
		220B74AC2B1D0B0700A53648 /* one.jpg in Resources */ = {isa = PBXBuildFile; fileRef = 220B74A82B1D0B0700A53648 /* one.jpg */; };
		220B74AF2B1D1EDA00A53648 /* Helper.swift in Sources */ = {isa = PBXBuildFile; fileRef = 220B74AE2B1D1EDA00A53648 /* Helper.swift */; };
/* End PBXBuildFile section */

/* Begin PBXFileReference section */
		220B74752B1CB1F800A53648 /* paoppin.test.app */ = {isa = PBXFileReference; explicitFileType = wrapper.application; includeInIndex = 0; path = paoppin.test.app; sourceTree = BUILT_PRODUCTS_DIR; };
		220B74782B1CB1F800A53648 /* AppDelegate.swift */ = {isa = PBXFileReference; lastKnownFileType = sourcecode.swift; path = AppDelegate.swift; sourceTree = "<group>"; };
		220B747A2B1CB1F800A53648 /* SceneDelegate.swift */ = {isa = PBXFileReference; lastKnownFileType = sourcecode.swift; path = SceneDelegate.swift; sourceTree = "<group>"; };
		220B747F2B1CB1F800A53648 /* Base */ = {isa = PBXFileReference; lastKnownFileType = file.storyboard; name = Base; path = Base.lproj/Main.storyboard; sourceTree = "<group>"; };
		220B74812B1CB1F900A53648 /* Assets.xcassets */ = {isa = PBXFileReference; lastKnownFileType = folder.assetcatalog; path = Assets.xcassets; sourceTree = "<group>"; };
		220B74842B1CB1F900A53648 /* Base */ = {isa = PBXFileReference; lastKnownFileType = file.storyboard; name = Base; path = Base.lproj/LaunchScreen.storyboard; sourceTree = "<group>"; };
		220B74862B1CB1F900A53648 /* Info.plist */ = {isa = PBXFileReference; lastKnownFileType = text.plist.xml; path = Info.plist; sourceTree = "<group>"; };
		220B74922B1CB3DA00A53648 /* UPCarouselFlowLayout.swift */ = {isa = PBXFileReference; fileEncoding = 4; lastKnownFileType = sourcecode.swift; path = UPCarouselFlowLayout.swift; sourceTree = "<group>"; };
		220B74942B1CB47900A53648 /* PartyCollectionViewCell.swift */ = {isa = PBXFileReference; lastKnownFileType = sourcecode.swift; path = PartyCollectionViewCell.swift; sourceTree = "<group>"; };
		220B74952B1CB47900A53648 /* PartyCollectionViewCell.xib */ = {isa = PBXFileReference; lastKnownFileType = file.xib; path = PartyCollectionViewCell.xib; sourceTree = "<group>"; };
		220B74982B1CE6D300A53648 /* PartyViewController.swift */ = {isa = PBXFileReference; lastKnownFileType = sourcecode.swift; path = PartyViewController.swift; sourceTree = "<group>"; };
		220B749A2B1CE79000A53648 /* ParyModel.swift */ = {isa = PBXFileReference; lastKnownFileType = sourcecode.swift; path = ParyModel.swift; sourceTree = "<group>"; };
		220B749E2B1CF22D00A53648 /* PartyViewModel.swift */ = {isa = PBXFileReference; lastKnownFileType = sourcecode.swift; path = PartyViewModel.swift; sourceTree = "<group>"; };
		220B74A22B1CFA2600A53648 /* PartyCollectionViewCellViewModel.swift */ = {isa = PBXFileReference; lastKnownFileType = sourcecode.swift; path = PartyCollectionViewCellViewModel.swift; sourceTree = "<group>"; };
		220B74A52B1D0B0700A53648 /* three.jpg */ = {isa = PBXFileReference; lastKnownFileType = image.jpeg; path = three.jpg; sourceTree = "<group>"; };
		220B74A62B1D0B0700A53648 /* two.jpg */ = {isa = PBXFileReference; lastKnownFileType = image.jpeg; path = two.jpg; sourceTree = "<group>"; };
		220B74A72B1D0B0700A53648 /* four.jpg */ = {isa = PBXFileReference; lastKnownFileType = image.jpeg; path = four.jpg; sourceTree = "<group>"; };
		220B74A82B1D0B0700A53648 /* one.jpg */ = {isa = PBXFileReference; lastKnownFileType = image.jpeg; path = one.jpg; sourceTree = "<group>"; };
		220B74AE2B1D1EDA00A53648 /* Helper.swift */ = {isa = PBXFileReference; lastKnownFileType = sourcecode.swift; path = Helper.swift; sourceTree = "<group>"; };
/* End PBXFileReference section */

/* Begin PBXFrameworksBuildPhase section */
		220B74722B1CB1F800A53648 /* Frameworks */ = {
			isa = PBXFrameworksBuildPhase;
			buildActionMask = 2147483647;
			files = (
			);
			runOnlyForDeploymentPostprocessing = 0;
		};
/* End PBXFrameworksBuildPhase section */

/* Begin PBXGroup section */
		220B746C2B1CB1F800A53648 = {
			isa = PBXGroup;
			children = (
				220B74772B1CB1F800A53648 /* paoppin.test */,
				220B74762B1CB1F800A53648 /* Products */,
			);
			sourceTree = "<group>";
		};
		220B74762B1CB1F800A53648 /* Products */ = {
			isa = PBXGroup;
			children = (
				220B74752B1CB1F800A53648 /* paoppin.test.app */,
			);
			name = Products;
			sourceTree = "<group>";
		};
		220B74772B1CB1F800A53648 /* paoppin.test */ = {
			isa = PBXGroup;
			children = (
				220B74AD2B1D1E8000A53648 /* Extenions */,
				220B74A42B1D0B0700A53648 /* Images */,
				220B74912B1CB3DA00A53648 /* ThirdParty */,
				220B748C2B1CB2B600A53648 /* PartyViewController */,
				220B74782B1CB1F800A53648 /* AppDelegate.swift */,
				220B747A2B1CB1F800A53648 /* SceneDelegate.swift */,
				220B747E2B1CB1F800A53648 /* Main.storyboard */,
				220B74812B1CB1F900A53648 /* Assets.xcassets */,
				220B74832B1CB1F900A53648 /* LaunchScreen.storyboard */,
				220B74862B1CB1F900A53648 /* Info.plist */,
			);
			path = paoppin.test;
			sourceTree = "<group>";
		};
		220B748C2B1CB2B600A53648 /* PartyViewController */ = {
			isa = PBXGroup;
			children = (
				220B748D2B1CB2B600A53648 /* ViewModel */,
				220B748E2B1CB2B600A53648 /* Cells */,
				220B748F2B1CB2B600A53648 /* Model */,
				220B74902B1CB2B600A53648 /* View */,
			);
			path = PartyViewController;
			sourceTree = "<group>";
		};
		220B748D2B1CB2B600A53648 /* ViewModel */ = {
			isa = PBXGroup;
			children = (
				220B749E2B1CF22D00A53648 /* PartyViewModel.swift */,
			);
			path = ViewModel;
			sourceTree = "<group>";
		};
		220B748E2B1CB2B600A53648 /* Cells */ = {
			isa = PBXGroup;
			children = (
				220B74942B1CB47900A53648 /* PartyCollectionViewCell.swift */,
				220B74952B1CB47900A53648 /* PartyCollectionViewCell.xib */,
				220B74A22B1CFA2600A53648 /* PartyCollectionViewCellViewModel.swift */,
			);
			path = Cells;
			sourceTree = "<group>";
		};
		220B748F2B1CB2B600A53648 /* Model */ = {
			isa = PBXGroup;
			children = (
				220B749A2B1CE79000A53648 /* ParyModel.swift */,
			);
			path = Model;
			sourceTree = "<group>";
		};
		220B74902B1CB2B600A53648 /* View */ = {
			isa = PBXGroup;
			children = (
				220B74982B1CE6D300A53648 /* PartyViewController.swift */,
			);
			path = View;
			sourceTree = "<group>";
		};
		220B74912B1CB3DA00A53648 /* ThirdParty */ = {
			isa = PBXGroup;
			children = (
				220B74922B1CB3DA00A53648 /* UPCarouselFlowLayout.swift */,
			);
			path = ThirdParty;
			sourceTree = "<group>";
		};
		220B74A42B1D0B0700A53648 /* Images */ = {
			isa = PBXGroup;
			children = (
				220B74A52B1D0B0700A53648 /* three.jpg */,
				220B74A62B1D0B0700A53648 /* two.jpg */,
				220B74A72B1D0B0700A53648 /* four.jpg */,
				220B74A82B1D0B0700A53648 /* one.jpg */,
			);
			path = Images;
			sourceTree = "<group>";
		};
		220B74AD2B1D1E8000A53648 /* Extenions */ = {
			isa = PBXGroup;
			children = (
				220B74AE2B1D1EDA00A53648 /* Helper.swift */,
			);
			path = Extenions;
			sourceTree = "<group>";
		};
/* End PBXGroup section */

/* Begin PBXNativeTarget section */
		220B74742B1CB1F800A53648 /* paoppin.test */ = {
			isa = PBXNativeTarget;
			buildConfigurationList = 220B74892B1CB1F900A53648 /* Build configuration list for PBXNativeTarget "paoppin.test" */;
			buildPhases = (
				220B74712B1CB1F800A53648 /* Sources */,
				220B74722B1CB1F800A53648 /* Frameworks */,
				220B74732B1CB1F800A53648 /* Resources */,
			);
			buildRules = (
			);
			dependencies = (
			);
			name = paoppin.test;
			productName = paoppin.test;
			productReference = 220B74752B1CB1F800A53648 /* paoppin.test.app */;
			productType = "com.apple.product-type.application";
		};
/* End PBXNativeTarget section */

/* Begin PBXProject section */
		220B746D2B1CB1F800A53648 /* Project object */ = {
			isa = PBXProject;
			attributes = {
				BuildIndependentTargetsInParallel = 1;
				LastSwiftUpdateCheck = 1500;
				LastUpgradeCheck = 1500;
				TargetAttributes = {
					220B74742B1CB1F800A53648 = {
						CreatedOnToolsVersion = 15.0;
					};
				};
			};
			buildConfigurationList = 220B74702B1CB1F800A53648 /* Build configuration list for PBXProject "paoppin.test" */;
			compatibilityVersion = "Xcode 14.0";
			developmentRegion = en;
			hasScannedForEncodings = 0;
			knownRegions = (
				en,
				Base,
			);
			mainGroup = 220B746C2B1CB1F800A53648;
			productRefGroup = 220B74762B1CB1F800A53648 /* Products */;
			projectDirPath = "";
			projectRoot = "";
			targets = (
				220B74742B1CB1F800A53648 /* paoppin.test */,
			);
		};
/* End PBXProject section */

/* Begin PBXResourcesBuildPhase section */
		220B74732B1CB1F800A53648 /* Resources */ = {
			isa = PBXResourcesBuildPhase;
			buildActionMask = 2147483647;
			files = (
				220B74AC2B1D0B0700A53648 /* one.jpg in Resources */,
				220B74AA2B1D0B0700A53648 /* two.jpg in Resources */,
				220B74852B1CB1F900A53648 /* LaunchScreen.storyboard in Resources */,
				220B74822B1CB1F900A53648 /* Assets.xcassets in Resources */,
				220B74802B1CB1F800A53648 /* Main.storyboard in Resources */,
				220B74972B1CB47900A53648 /* PartyCollectionViewCell.xib in Resources */,
				220B74AB2B1D0B0700A53648 /* four.jpg in Resources */,
				220B74A92B1D0B0700A53648 /* three.jpg in Resources */,
			);
			runOnlyForDeploymentPostprocessing = 0;
		};
/* End PBXResourcesBuildPhase section */

/* Begin PBXSourcesBuildPhase section */
		220B74712B1CB1F800A53648 /* Sources */ = {
			isa = PBXSourcesBuildPhase;
			buildActionMask = 2147483647;
			files = (
				220B74A32B1CFA2600A53648 /* PartyCollectionViewCellViewModel.swift in Sources */,
				220B74992B1CE6D300A53648 /* PartyViewController.swift in Sources */,
				220B749F2B1CF22D00A53648 /* PartyViewModel.swift in Sources */,
				220B74792B1CB1F800A53648 /* AppDelegate.swift in Sources */,
				220B74932B1CB3DA00A53648 /* UPCarouselFlowLayout.swift in Sources */,
				220B74AF2B1D1EDA00A53648 /* Helper.swift in Sources */,
				220B747B2B1CB1F800A53648 /* SceneDelegate.swift in Sources */,
				220B74962B1CB47900A53648 /* PartyCollectionViewCell.swift in Sources */,
				220B749B2B1CE79000A53648 /* ParyModel.swift in Sources */,
			);
			runOnlyForDeploymentPostprocessing = 0;
		};
/* End PBXSourcesBuildPhase section */

/* Begin PBXVariantGroup section */
		220B747E2B1CB1F800A53648 /* Main.storyboard */ = {
			isa = PBXVariantGroup;
			children = (
				220B747F2B1CB1F800A53648 /* Base */,
			);
			name = Main.storyboard;
			sourceTree = "<group>";
		};
		220B74832B1CB1F900A53648 /* LaunchScreen.storyboard */ = {
			isa = PBXVariantGroup;
			children = (
				220B74842B1CB1F900A53648 /* Base */,
			);
			name = LaunchScreen.storyboard;
			sourceTree = "<group>";
		};
/* End PBXVariantGroup section */

/* Begin XCBuildConfiguration section */
		220B74872B1CB1F900A53648 /* Debug */ = {
			isa = XCBuildConfiguration;
			buildSettings = {
				ALWAYS_SEARCH_USER_PATHS = NO;
				ASSETCATALOG_COMPILER_GENERATE_SWIFT_ASSET_SYMBOL_EXTENSIONS = YES;
				CLANG_ANALYZER_NONNULL = YES;
				CLANG_ANALYZER_NUMBER_OBJECT_CONVERSION = YES_AGGRESSIVE;
				CLANG_CXX_LANGUAGE_STANDARD = "gnu++20";
				CLANG_ENABLE_MODULES = YES;
				CLANG_ENABLE_OBJC_ARC = YES;
				CLANG_ENABLE_OBJC_WEAK = YES;
				CLANG_WARN_BLOCK_CAPTURE_AUTORELEASING = YES;
				CLANG_WARN_BOOL_CONVERSION = YES;
				CLANG_WARN_COMMA = YES;
				CLANG_WARN_CONSTANT_CONVERSION = YES;
				CLANG_WARN_DEPRECATED_OBJC_IMPLEMENTATIONS = YES;
				CLANG_WARN_DIRECT_OBJC_ISA_USAGE = YES_ERROR;
				CLANG_WARN_DOCUMENTATION_COMMENTS = YES;
				CLANG_WARN_EMPTY_BODY = YES;
				CLANG_WARN_ENUM_CONVERSION = YES;
				CLANG_WARN_INFINITE_RECURSION = YES;
				CLANG_WARN_INT_CONVERSION = YES;
				CLANG_WARN_NON_LITERAL_NULL_CONVERSION = YES;
				CLANG_WARN_OBJC_IMPLICIT_RETAIN_SELF = YES;
				CLANG_WARN_OBJC_LITERAL_CONVERSION = YES;
				CLANG_WARN_OBJC_ROOT_CLASS = YES_ERROR;
				CLANG_WARN_QUOTED_INCLUDE_IN_FRAMEWORK_HEADER = YES;
				CLANG_WARN_RANGE_LOOP_ANALYSIS = YES;
				CLANG_WARN_STRICT_PROTOTYPES = YES;
				CLANG_WARN_SUSPICIOUS_MOVE = YES;
				CLANG_WARN_UNGUARDED_AVAILABILITY = YES_AGGRESSIVE;
				CLANG_WARN_UNREACHABLE_CODE = YES;
				CLANG_WARN__DUPLICATE_METHOD_MATCH = YES;
				COPY_PHASE_STRIP = NO;
				DEBUG_INFORMATION_FORMAT = dwarf;
				ENABLE_STRICT_OBJC_MSGSEND = YES;
				ENABLE_TESTABILITY = YES;
				ENABLE_USER_SCRIPT_SANDBOXING = YES;
				GCC_C_LANGUAGE_STANDARD = gnu17;
				GCC_DYNAMIC_NO_PIC = NO;
				GCC_NO_COMMON_BLOCKS = YES;
				GCC_OPTIMIZATION_LEVEL = 0;
				GCC_PREPROCESSOR_DEFINITIONS = (
					"DEBUG=1",
					"$(inherited)",
				);
				GCC_WARN_64_TO_32_BIT_CONVERSION = YES;
				GCC_WARN_ABOUT_RETURN_TYPE = YES_ERROR;
				GCC_WARN_UNDECLARED_SELECTOR = YES;
				GCC_WARN_UNINITIALIZED_AUTOS = YES_AGGRESSIVE;
				GCC_WARN_UNUSED_FUNCTION = YES;
				GCC_WARN_UNUSED_VARIABLE = YES;
				IPHONEOS_DEPLOYMENT_TARGET = 17.0;
				LOCALIZATION_PREFERS_STRING_CATALOGS = YES;
				MTL_ENABLE_DEBUG_INFO = INCLUDE_SOURCE;
				MTL_FAST_MATH = YES;
				ONLY_ACTIVE_ARCH = YES;
				SDKROOT = iphoneos;
				SWIFT_ACTIVE_COMPILATION_CONDITIONS = "DEBUG $(inherited)";
				SWIFT_OPTIMIZATION_LEVEL = "-Onone";
			};
			name = Debug;
		};
		220B74882B1CB1F900A53648 /* Release */ = {
			isa = XCBuildConfiguration;
			buildSettings = {
				ALWAYS_SEARCH_USER_PATHS = NO;
				ASSETCATALOG_COMPILER_GENERATE_SWIFT_ASSET_SYMBOL_EXTENSIONS = YES;
				CLANG_ANALYZER_NONNULL = YES;
				CLANG_ANALYZER_NUMBER_OBJECT_CONVERSION = YES_AGGRESSIVE;
				CLANG_CXX_LANGUAGE_STANDARD = "gnu++20";
				CLANG_ENABLE_MODULES = YES;
				CLANG_ENABLE_OBJC_ARC = YES;
				CLANG_ENABLE_OBJC_WEAK = YES;
				CLANG_WARN_BLOCK_CAPTURE_AUTORELEASING = YES;
				CLANG_WARN_BOOL_CONVERSION = YES;
				CLANG_WARN_COMMA = YES;
				CLANG_WARN_CONSTANT_CONVERSION = YES;
				CLANG_WARN_DEPRECATED_OBJC_IMPLEMENTATIONS = YES;
				CLANG_WARN_DIRECT_OBJC_ISA_USAGE = YES_ERROR;
				CLANG_WARN_DOCUMENTATION_COMMENTS = YES;
				CLANG_WARN_EMPTY_BODY = YES;
				CLANG_WARN_ENUM_CONVERSION = YES;
				CLANG_WARN_INFINITE_RECURSION = YES;
				CLANG_WARN_INT_CONVERSION = YES;
				CLANG_WARN_NON_LITERAL_NULL_CONVERSION = YES;
				CLANG_WARN_OBJC_IMPLICIT_RETAIN_SELF = YES;
				CLANG_WARN_OBJC_LITERAL_CONVERSION = YES;
				CLANG_WARN_OBJC_ROOT_CLASS = YES_ERROR;
				CLANG_WARN_QUOTED_INCLUDE_IN_FRAMEWORK_HEADER = YES;
				CLANG_WARN_RANGE_LOOP_ANALYSIS = YES;
				CLANG_WARN_STRICT_PROTOTYPES = YES;
				CLANG_WARN_SUSPICIOUS_MOVE = YES;
				CLANG_WARN_UNGUARDED_AVAILABILITY = YES_AGGRESSIVE;
				CLANG_WARN_UNREACHABLE_CODE = YES;
				CLANG_WARN__DUPLICATE_METHOD_MATCH = YES;
				COPY_PHASE_STRIP = NO;
				DEBUG_INFORMATION_FORMAT = "dwarf-with-dsym";
				ENABLE_NS_ASSERTIONS = NO;
				ENABLE_STRICT_OBJC_MSGSEND = YES;
				ENABLE_USER_SCRIPT_SANDBOXING = YES;
				GCC_C_LANGUAGE_STANDARD = gnu17;
				GCC_NO_COMMON_BLOCKS = YES;
				GCC_WARN_64_TO_32_BIT_CONVERSION = YES;
				GCC_WARN_ABOUT_RETURN_TYPE = YES_ERROR;
				GCC_WARN_UNDECLARED_SELECTOR = YES;
				GCC_WARN_UNINITIALIZED_AUTOS = YES_AGGRESSIVE;
				GCC_WARN_UNUSED_FUNCTION = YES;
				GCC_WARN_UNUSED_VARIABLE = YES;
				IPHONEOS_DEPLOYMENT_TARGET = 17.0;
				LOCALIZATION_PREFERS_STRING_CATALOGS = YES;
				MTL_ENABLE_DEBUG_INFO = NO;
				MTL_FAST_MATH = YES;
				SDKROOT = iphoneos;
				SWIFT_COMPILATION_MODE = wholemodule;
				VALIDATE_PRODUCT = YES;
			};
			name = Release;
		};
		220B748A2B1CB1F900A53648 /* Debug */ = {
			isa = XCBuildConfiguration;
			buildSettings = {
				ASSETCATALOG_COMPILER_APPICON_NAME = AppIcon;
				ASSETCATALOG_COMPILER_GLOBAL_ACCENT_COLOR_NAME = AccentColor;
				CODE_SIGN_STYLE = Automatic;
				CURRENT_PROJECT_VERSION = 1;
				GENERATE_INFOPLIST_FILE = YES;
				INFOPLIST_FILE = paoppin.test/Info.plist;
				INFOPLIST_KEY_UIApplicationSupportsIndirectInputEvents = YES;
				INFOPLIST_KEY_UILaunchStoryboardName = LaunchScreen;
				INFOPLIST_KEY_UIMainStoryboardFile = Main;
				INFOPLIST_KEY_UISupportedInterfaceOrientations_iPad = "UIInterfaceOrientationPortrait UIInterfaceOrientationPortraitUpsideDown UIInterfaceOrientationLandscapeLeft UIInterfaceOrientationLandscapeRight";
				INFOPLIST_KEY_UISupportedInterfaceOrientations_iPhone = "UIInterfaceOrientationPortrait UIInterfaceOrientationLandscapeLeft UIInterfaceOrientationLandscapeRight";
				LD_RUNPATH_SEARCH_PATHS = (
					"$(inherited)",
					"@executable_path/Frameworks",
				);
				MARKETING_VERSION = 1.0;
				PRODUCT_BUNDLE_IDENTIFIER = "com.Demo.test.paoppin-test";
				PRODUCT_NAME = "$(TARGET_NAME)";
				SWIFT_EMIT_LOC_STRINGS = YES;
				SWIFT_VERSION = 5.0;
				TARGETED_DEVICE_FAMILY = "1,2";
			};
			name = Debug;
		};
		220B748B2B1CB1F900A53648 /* Release */ = {
			isa = XCBuildConfiguration;
			buildSettings = {
				ASSETCATALOG_COMPILER_APPICON_NAME = AppIcon;
				ASSETCATALOG_COMPILER_GLOBAL_ACCENT_COLOR_NAME = AccentColor;
				CODE_SIGN_STYLE = Automatic;
				CURRENT_PROJECT_VERSION = 1;
				GENERATE_INFOPLIST_FILE = YES;
				INFOPLIST_FILE = paoppin.test/Info.plist;
				INFOPLIST_KEY_UIApplicationSupportsIndirectInputEvents = YES;
				INFOPLIST_KEY_UILaunchStoryboardName = LaunchScreen;
				INFOPLIST_KEY_UIMainStoryboardFile = Main;
				INFOPLIST_KEY_UISupportedInterfaceOrientations_iPad = "UIInterfaceOrientationPortrait UIInterfaceOrientationPortraitUpsideDown UIInterfaceOrientationLandscapeLeft UIInterfaceOrientationLandscapeRight";
				INFOPLIST_KEY_UISupportedInterfaceOrientations_iPhone = "UIInterfaceOrientationPortrait UIInterfaceOrientationLandscapeLeft UIInterfaceOrientationLandscapeRight";
				LD_RUNPATH_SEARCH_PATHS = (
					"$(inherited)",
					"@executable_path/Frameworks",
				);
				MARKETING_VERSION = 1.0;
				PRODUCT_BUNDLE_IDENTIFIER = "com.Demo.test.paoppin-test";
				PRODUCT_NAME = "$(TARGET_NAME)";
				SWIFT_EMIT_LOC_STRINGS = YES;
				SWIFT_VERSION = 5.0;
				TARGETED_DEVICE_FAMILY = "1,2";
			};
			name = Release;
		};
/* End XCBuildConfiguration section */

/* Begin XCConfigurationList section */
		220B74702B1CB1F800A53648 /* Build configuration list for PBXProject "paoppin.test" */ = {
			isa = XCConfigurationList;
			buildConfigurations = (
				220B74872B1CB1F900A53648 /* Debug */,
				220B74882B1CB1F900A53648 /* Release */,
			);
			defaultConfigurationIsVisible = 0;
			defaultConfigurationName = Release;
		};
		220B74892B1CB1F900A53648 /* Build configuration list for PBXNativeTarget "paoppin.test" */ = {
			isa = XCConfigurationList;
			buildConfigurations = (
				220B748A2B1CB1F900A53648 /* Debug */,
				220B748B2B1CB1F900A53648 /* Release */,
			);
			defaultConfigurationIsVisible = 0;
			defaultConfigurationName = Release;
		};
/* End XCConfigurationList section */
	};
	rootObject = 220B746D2B1CB1F800A53648 /* Project object */;
}
